
Microsoft Visual Studio Solution File, Format Version 12.00
# Visual Studio 14
VisualStudioVersion = 14.0.25420.1
MinimumVisualStudioVersion = 10.0.40219.1
Project("{E24C65DC-7377-472B-9ABA-BC803B73C61A}") = "WebSite_BlackJack1", "..\..\WebSites\WebSite_BlackJack1\", "{5EF4A18B-4E9F-4FEA-A346-55C538128F91}"
	ProjectSection(WebsiteProperties) = preProject
		TargetFrameworkMoniker = ".NETFramework,Version%3Dv4.5.2"
		Debug.AspNetCompiler.VirtualPath = "/localhost_58923"
		Debug.AspNetCompiler.PhysicalPath = "..\..\WebSites\WebSite_BlackJack1\"
		Debug.AspNetCompiler.TargetPath = "PrecompiledWeb\localhost_58923\"
		Debug.AspNetCompiler.Updateable = "true"
		Debug.AspNetCompiler.ForceOverwrite = "true"
		Debug.AspNetCompiler.FixedNames = "false"
		Debug.AspNetCompiler.Debug = "True"
		Release.AspNetCompiler.VirtualPath = "/localhost_58923"
		Release.AspNetCompiler.PhysicalPath = "..\..\WebSites\WebSite_BlackJack1\"
		Release.AspNetCompiler.TargetPath = "PrecompiledWeb\localhost_58923\"
		Release.AspNetCompiler.Updateable = "true"
		Release.AspNetCompiler.ForceOverwrite = "true"
		Release.AspNetCompiler.FixedNames = "false"
		Release.AspNetCompiler.Debug = "False"
		VWDPort = "58923"
		SlnRelativePath = "..\..\WebSites\WebSite_BlackJack1\"
		DefaultWebSiteLanguage = "Visual C#"
	EndProjectSection
EndProject
Global
	GlobalSection(SolutionConfigurationPlatforms) = preSolution
		Debug|Any CPU = Debug|Any CPU
	EndGlobalSection
	GlobalSection(ProjectConfigurationPlatforms) = postSolution
		{5EF4A18B-4E9F-4FEA-A346-55C538128F91}.Debug|Any CPU.ActiveCfg = Debug|Any CPU
		{5EF4A18B-4E9F-4FEA-A346-55C538128F91}.Debug|Any CPU.Build.0 = Debug|Any CPU
	EndGlobalSection
	GlobalSection(SolutionProperties) = preSolution
		HideSolutionNode = FALSE
	EndGlobalSection
EndGlobal
